
Microsoft Visual Studio Solution File, Format Version 12.00
# Visual Studio Version 17
VisualStudioVersion = 17.6.33815.320
MinimumVisualStudioVersion = 10.0.40219.1
Project("{FAE04EC0-301F-11D3-BF4B-00C04F79EFBC}") = "SistemaContas.Presentations", "SistemaContas.Presentations\SistemaContas.Presentations.csproj", "{5B1AFA65-6F39-4828-B101-B1812C64B735}"
EndProject
Global
	GlobalSection(SolutionConfigurationPlatforms) = preSolution
		Debug|Any CPU = Debug|Any CPU
		Release|Any CPU = Release|Any CPU
	EndGlobalSection
	GlobalSection(ProjectConfigurationPlatforms) = postSolution
		{5B1AFA65-6F39-4828-B101-B1812C64B735}.Debug|Any CPU.ActiveCfg = Debug|Any CPU
		{5B1AFA65-6F39-4828-B101-B1812C64B735}.Debug|Any CPU.Build.0 = Debug|Any CPU
		{5B1AFA65-6F39-4828-B101-B1812C64B735}.Release|Any CPU.ActiveCfg = Release|Any CPU
		{5B1AFA65-6F39-4828-B101-B1812C64B735}.Release|Any CPU.Build.0 = Release|Any CPU
	EndGlobalSection
	GlobalSection(SolutionProperties) = preSolution
		HideSolutionNode = FALSE
	EndGlobalSection
	GlobalSection(ExtensibilityGlobals) = postSolution
		SolutionGuid = {5F266202-8080-482F-9737-A263D936BE94}
	EndGlobalSection
EndGlobal
