
Microsoft Visual Studio Solution File, Format Version 12.00
# Visual Studio Version 17
VisualStudioVersion = 17.6.33815.320
MinimumVisualStudioVersion = 10.0.40219.1
Project("{9A19103F-16F7-4668-BE54-9A1E7A4F7556}") = "SistemaContas.Presentations", "SistemaContas.Presentations\SistemaContas.Presentations.csproj", "{5B1AFA65-6F39-4828-B101-B1812C64B735}"
EndProject
Project("{FAE04EC0-301F-11D3-BF4B-00C04F79EFBC}") = "SistemaContas.Data", "SistemaContas.Data\SistemaContas.Data.csproj", "{A66E9EC7-18B7-41C3-8F5B-E0FE06343565}"
EndProject
Project("{2150E333-8FDC-42A3-9474-1A3956D46DE8}") = "1- Presentations Layer", "1- Presentations Layer", "{5EAAF0C2-7752-4843-A142-2B5165334E80}"
EndProject
Project("{2150E333-8FDC-42A3-9474-1A3956D46DE8}") = "2- Data Acess Layer", "2- Data Acess Layer", "{F9CF47D1-C808-45D7-A5E5-EADBC5174102}"
EndProject
Global
	GlobalSection(SolutionConfigurationPlatforms) = preSolution
		Debug|Any CPU = Debug|Any CPU
		Release|Any CPU = Release|Any CPU
	EndGlobalSection
	GlobalSection(ProjectConfigurationPlatforms) = postSolution
		{5B1AFA65-6F39-4828-B101-B1812C64B735}.Debug|Any CPU.ActiveCfg = Debug|Any CPU
		{5B1AFA65-6F39-4828-B101-B1812C64B735}.Debug|Any CPU.Build.0 = Debug|Any CPU
		{5B1AFA65-6F39-4828-B101-B1812C64B735}.Release|Any CPU.ActiveCfg = Release|Any CPU
		{5B1AFA65-6F39-4828-B101-B1812C64B735}.Release|Any CPU.Build.0 = Release|Any CPU
		{A66E9EC7-18B7-41C3-8F5B-E0FE06343565}.Debug|Any CPU.ActiveCfg = Debug|Any CPU
		{A66E9EC7-18B7-41C3-8F5B-E0FE06343565}.Debug|Any CPU.Build.0 = Debug|Any CPU
		{A66E9EC7-18B7-41C3-8F5B-E0FE06343565}.Release|Any CPU.ActiveCfg = Release|Any CPU
		{A66E9EC7-18B7-41C3-8F5B-E0FE06343565}.Release|Any CPU.Build.0 = Release|Any CPU
	EndGlobalSection
	GlobalSection(SolutionProperties) = preSolution
		HideSolutionNode = FALSE
	EndGlobalSection
	GlobalSection(NestedProjects) = preSolution
		{5B1AFA65-6F39-4828-B101-B1812C64B735} = {5EAAF0C2-7752-4843-A142-2B5165334E80}
		{A66E9EC7-18B7-41C3-8F5B-E0FE06343565} = {F9CF47D1-C808-45D7-A5E5-EADBC5174102}
	EndGlobalSection
	GlobalSection(ExtensibilityGlobals) = postSolution
		SolutionGuid = {5F266202-8080-482F-9737-A263D936BE94}
	EndGlobalSection
EndGlobal
